// !$*UTF8*$!
{
	archiveVersion = 1;
	classes = {
	};
	objectVersion = 50;
	objects = {

/* Begin PBXBuildFile section */
		6E74048020DB84BA00D08625 /* AppDelegate.m in Sources */ = {isa = PBXBuildFile; fileRef = 6E74047F20DB84BA00D08625 /* AppDelegate.m */; };
		6E74048320DB84BA00D08625 /* ViewController.m in Sources */ = {isa = PBXBuildFile; fileRef = 6E74048220DB84BA00D08625 /* ViewController.m */; };
		6E74048620DB84BA00D08625 /* Main.storyboard in Resources */ = {isa = PBXBuildFile; fileRef = 6E74048420DB84BA00D08625 /* Main.storyboard */; };
		6E74048820DB84BB00D08625 /* Assets.xcassets in Resources */ = {isa = PBXBuildFile; fileRef = 6E74048720DB84BB00D08625 /* Assets.xcassets */; };
		6E74048B20DB84BB00D08625 /* LaunchScreen.storyboard in Resources */ = {isa = PBXBuildFile; fileRef = 6E74048920DB84BB00D08625 /* LaunchScreen.storyboard */; };
		6E74048E20DB84BB00D08625 /* main.m in Sources */ = {isa = PBXBuildFile; fileRef = 6E74048D20DB84BB00D08625 /* main.m */; };
		6E7404AA20DB852F00D08625 /* XQShowBackView.m in Sources */ = {isa = PBXBuildFile; fileRef = 6E74049720DB852E00D08625 /* XQShowBackView.m */; };
		6E7404AB20DB852F00D08625 /* XQShowImageView.m in Sources */ = {isa = PBXBuildFile; fileRef = 6E74049920DB852E00D08625 /* XQShowImageView.m */; };
		6E7404AC20DB852F00D08625 /* XQShowPhotosView.m in Sources */ = {isa = PBXBuildFile; fileRef = 6E74049B20DB852E00D08625 /* XQShowPhotosView.m */; };
		6E7404AD20DB852F00D08625 /* XQShowScrollView.m in Sources */ = {isa = PBXBuildFile; fileRef = 6E74049D20DB852E00D08625 /* XQShowScrollView.m */; };
		6E7404AE20DB852F00D08625 /* UIView+Extension.m in Sources */ = {isa = PBXBuildFile; fileRef = 6E7404A120DB852F00D08625 /* UIView+Extension.m */; };
		6E7404B020DB852F00D08625 /* ProgressHUD.bundle in Resources */ = {isa = PBXBuildFile; fileRef = 6E7404A720DB852F00D08625 /* ProgressHUD.bundle */; };
		6E7404B120DB852F00D08625 /* ProgressHUD.m in Sources */ = {isa = PBXBuildFile; fileRef = 6E7404A920DB852F00D08625 /* ProgressHUD.m */; };
		6E7404BB20DB85BE00D08625 /* XQConst.m in Sources */ = {isa = PBXBuildFile; fileRef = 6E7404B820DB85BD00D08625 /* XQConst.m */; };
		6E7404DE20DB864800D08625 /* MKAnnotationView+WebCache.m in Sources */ = {isa = PBXBuildFile; fileRef = 6E7404BE20DB864700D08625 /* MKAnnotationView+WebCache.m */; };
		6E7404DF20DB864800D08625 /* NSData+ImageContentType.m in Sources */ = {isa = PBXBuildFile; fileRef = 6E7404C020DB864700D08625 /* NSData+ImageContentType.m */; };
		6E7404E020DB864800D08625 /* SDImageCache.m in Sources */ = {isa = PBXBuildFile; fileRef = 6E7404C220DB864700D08625 /* SDImageCache.m */; };
		6E7404E120DB864800D08625 /* SDWebImageCompat.m in Sources */ = {isa = PBXBuildFile; fileRef = 6E7404C420DB864700D08625 /* SDWebImageCompat.m */; };
		6E7404E220DB864800D08625 /* SDWebImageDecoder.m in Sources */ = {isa = PBXBuildFile; fileRef = 6E7404C620DB864700D08625 /* SDWebImageDecoder.m */; };
		6E7404E320DB864800D08625 /* SDWebImageDownloader.m in Sources */ = {isa = PBXBuildFile; fileRef = 6E7404C820DB864700D08625 /* SDWebImageDownloader.m */; };
		6E7404E420DB864800D08625 /* SDWebImageDownloaderOperation.m in Sources */ = {isa = PBXBuildFile; fileRef = 6E7404CA20DB864700D08625 /* SDWebImageDownloaderOperation.m */; };
		6E7404E520DB864800D08625 /* SDWebImageManager.m in Sources */ = {isa = PBXBuildFile; fileRef = 6E7404CC20DB864700D08625 /* SDWebImageManager.m */; };
		6E7404E620DB864800D08625 /* SDWebImagePrefetcher.m in Sources */ = {isa = PBXBuildFile; fileRef = 6E7404CF20DB864700D08625 /* SDWebImagePrefetcher.m */; };
		6E7404E720DB864800D08625 /* UIButton+WebCache.m in Sources */ = {isa = PBXBuildFile; fileRef = 6E7404D120DB864700D08625 /* UIButton+WebCache.m */; };
		6E7404E820DB864800D08625 /* UIImage+GIF.m in Sources */ = {isa = PBXBuildFile; fileRef = 6E7404D320DB864700D08625 /* UIImage+GIF.m */; };
		6E7404E920DB864800D08625 /* UIImage+MultiFormat.m in Sources */ = {isa = PBXBuildFile; fileRef = 6E7404D520DB864700D08625 /* UIImage+MultiFormat.m */; };
		6E7404EA20DB864800D08625 /* UIImage+WebP.m in Sources */ = {isa = PBXBuildFile; fileRef = 6E7404D720DB864700D08625 /* UIImage+WebP.m */; };
		6E7404EB20DB864800D08625 /* UIImageView+HighlightedWebCache.m in Sources */ = {isa = PBXBuildFile; fileRef = 6E7404D920DB864700D08625 /* UIImageView+HighlightedWebCache.m */; };
		6E7404EC20DB864800D08625 /* UIImageView+WebCache.m in Sources */ = {isa = PBXBuildFile; fileRef = 6E7404DB20DB864700D08625 /* UIImageView+WebCache.m */; };
		6E7404ED20DB864800D08625 /* UIView+WebCacheOperation.m in Sources */ = {isa = PBXBuildFile; fileRef = 6E7404DD20DB864800D08625 /* UIView+WebCacheOperation.m */; };
		6E7404F220DB93A100D08625 /* ShowCell.m in Sources */ = {isa = PBXBuildFile; fileRef = 6E7404F120DB93A100D08625 /* ShowCell.m */; };
		6E7404F520DB93B300D08625 /* ShowModel.m in Sources */ = {isa = PBXBuildFile; fileRef = 6E7404F420DB93B300D08625 /* ShowModel.m */; };
		6EC4A6B420E08AFA004C9897 /* XQShowPopupView.m in Sources */ = {isa = PBXBuildFile; fileRef = 6EC4A6B320E08AFA004C9897 /* XQShowPopupView.m */; };
		6EDA240520DC978B00BF8EA3 /* XQShowHandle.m in Sources */ = {isa = PBXBuildFile; fileRef = 6EDA240420DC978B00BF8EA3 /* XQShowHandle.m */; };
/* End PBXBuildFile section */

/* Begin PBXFileReference section */
		6E74047B20DB84BA00D08625 /* XQShowPhotosToolDemo.app */ = {isa = PBXFileReference; explicitFileType = wrapper.application; includeInIndex = 0; path = XQShowPhotosToolDemo.app; sourceTree = BUILT_PRODUCTS_DIR; };
		6E74047E20DB84BA00D08625 /* AppDelegate.h */ = {isa = PBXFileReference; lastKnownFileType = sourcecode.c.h; path = AppDelegate.h; sourceTree = "<group>"; };
		6E74047F20DB84BA00D08625 /* AppDelegate.m */ = {isa = PBXFileReference; lastKnownFileType = sourcecode.c.objc; path = AppDelegate.m; sourceTree = "<group>"; };
		6E74048120DB84BA00D08625 /* ViewController.h */ = {isa = PBXFileReference; lastKnownFileType = sourcecode.c.h; path = ViewController.h; sourceTree = "<group>"; };
		6E74048220DB84BA00D08625 /* ViewController.m */ = {isa = PBXFileReference; lastKnownFileType = sourcecode.c.objc; path = ViewController.m; sourceTree = "<group>"; };
		6E74048520DB84BA00D08625 /* Base */ = {isa = PBXFileReference; lastKnownFileType = file.storyboard; name = Base; path = Base.lproj/Main.storyboard; sourceTree = "<group>"; };
		6E74048720DB84BB00D08625 /* Assets.xcassets */ = {isa = PBXFileReference; lastKnownFileType = folder.assetcatalog; path = Assets.xcassets; sourceTree = "<group>"; };
		6E74048A20DB84BB00D08625 /* Base */ = {isa = PBXFileReference; lastKnownFileType = file.storyboard; name = Base; path = Base.lproj/LaunchScreen.storyboard; sourceTree = "<group>"; };
		6E74048C20DB84BB00D08625 /* Info.plist */ = {isa = PBXFileReference; lastKnownFileType = text.plist.xml; path = Info.plist; sourceTree = "<group>"; };
		6E74048D20DB84BB00D08625 /* main.m */ = {isa = PBXFileReference; lastKnownFileType = sourcecode.c.objc; path = main.m; sourceTree = "<group>"; };
		6E74049420DB84CD00D08625 /* PrefixHeader.pch */ = {isa = PBXFileReference; lastKnownFileType = sourcecode.c.h; path = PrefixHeader.pch; sourceTree = "<group>"; };
		6E74049620DB852E00D08625 /* XQShowBackView.h */ = {isa = PBXFileReference; fileEncoding = 4; lastKnownFileType = sourcecode.c.h; path = XQShowBackView.h; sourceTree = "<group>"; };
		6E74049720DB852E00D08625 /* XQShowBackView.m */ = {isa = PBXFileReference; fileEncoding = 4; lastKnownFileType = sourcecode.c.objc; path = XQShowBackView.m; sourceTree = "<group>"; };
		6E74049820DB852E00D08625 /* XQShowImageView.h */ = {isa = PBXFileReference; fileEncoding = 4; lastKnownFileType = sourcecode.c.h; path = XQShowImageView.h; sourceTree = "<group>"; };
		6E74049920DB852E00D08625 /* XQShowImageView.m */ = {isa = PBXFileReference; fileEncoding = 4; lastKnownFileType = sourcecode.c.objc; path = XQShowImageView.m; sourceTree = "<group>"; };
		6E74049A20DB852E00D08625 /* XQShowPhotosView.h */ = {isa = PBXFileReference; fileEncoding = 4; lastKnownFileType = sourcecode.c.h; path = XQShowPhotosView.h; sourceTree = "<group>"; };
		6E74049B20DB852E00D08625 /* XQShowPhotosView.m */ = {isa = PBXFileReference; fileEncoding = 4; lastKnownFileType = sourcecode.c.objc; path = XQShowPhotosView.m; sourceTree = "<group>"; };
		6E74049C20DB852E00D08625 /* XQShowScrollView.h */ = {isa = PBXFileReference; fileEncoding = 4; lastKnownFileType = sourcecode.c.h; path = XQShowScrollView.h; sourceTree = "<group>"; };
		6E74049D20DB852E00D08625 /* XQShowScrollView.m */ = {isa = PBXFileReference; fileEncoding = 4; lastKnownFileType = sourcecode.c.objc; path = XQShowScrollView.m; sourceTree = "<group>"; };
		6E7404A020DB852F00D08625 /* UIView+Extension.h */ = {isa = PBXFileReference; fileEncoding = 4; lastKnownFileType = sourcecode.c.h; path = "UIView+Extension.h"; sourceTree = "<group>"; };
		6E7404A120DB852F00D08625 /* UIView+Extension.m */ = {isa = PBXFileReference; fileEncoding = 4; lastKnownFileType = sourcecode.c.objc; path = "UIView+Extension.m"; sourceTree = "<group>"; };
		6E7404A320DB852F00D08625 /* XQ_define.h */ = {isa = PBXFileReference; fileEncoding = 4; lastKnownFileType = sourcecode.c.h; path = XQ_define.h; sourceTree = "<group>"; };
		6E7404A720DB852F00D08625 /* ProgressHUD.bundle */ = {isa = PBXFileReference; lastKnownFileType = "wrapper.plug-in"; path = ProgressHUD.bundle; sourceTree = "<group>"; };
		6E7404A820DB852F00D08625 /* ProgressHUD.h */ = {isa = PBXFileReference; fileEncoding = 4; lastKnownFileType = sourcecode.c.h; path = ProgressHUD.h; sourceTree = "<group>"; };
		6E7404A920DB852F00D08625 /* ProgressHUD.m */ = {isa = PBXFileReference; fileEncoding = 4; lastKnownFileType = sourcecode.c.objc; path = ProgressHUD.m; sourceTree = "<group>"; };
		6E7404B720DB85BD00D08625 /* XQConst.h */ = {isa = PBXFileReference; fileEncoding = 4; lastKnownFileType = sourcecode.c.h; path = XQConst.h; sourceTree = "<group>"; };
		6E7404B820DB85BD00D08625 /* XQConst.m */ = {isa = PBXFileReference; fileEncoding = 4; lastKnownFileType = sourcecode.c.objc; path = XQConst.m; sourceTree = "<group>"; };
		6E7404BD20DB864700D08625 /* MKAnnotationView+WebCache.h */ = {isa = PBXFileReference; fileEncoding = 4; lastKnownFileType = sourcecode.c.h; path = "MKAnnotationView+WebCache.h"; sourceTree = "<group>"; };
		6E7404BE20DB864700D08625 /* MKAnnotationView+WebCache.m */ = {isa = PBXFileReference; fileEncoding = 4; lastKnownFileType = sourcecode.c.objc; path = "MKAnnotationView+WebCache.m"; sourceTree = "<group>"; };
		6E7404BF20DB864700D08625 /* NSData+ImageContentType.h */ = {isa = PBXFileReference; fileEncoding = 4; lastKnownFileType = sourcecode.c.h; path = "NSData+ImageContentType.h"; sourceTree = "<group>"; };
		6E7404C020DB864700D08625 /* NSData+ImageContentType.m */ = {isa = PBXFileReference; fileEncoding = 4; lastKnownFileType = sourcecode.c.objc; path = "NSData+ImageContentType.m"; sourceTree = "<group>"; };
		6E7404C120DB864700D08625 /* SDImageCache.h */ = {isa = PBXFileReference; fileEncoding = 4; lastKnownFileType = sourcecode.c.h; path = SDImageCache.h; sourceTree = "<group>"; };
		6E7404C220DB864700D08625 /* SDImageCache.m */ = {isa = PBXFileReference; fileEncoding = 4; lastKnownFileType = sourcecode.c.objc; path = SDImageCache.m; sourceTree = "<group>"; };
		6E7404C320DB864700D08625 /* SDWebImageCompat.h */ = {isa = PBXFileReference; fileEncoding = 4; lastKnownFileType = sourcecode.c.h; path = SDWebImageCompat.h; sourceTree = "<group>"; };
		6E7404C420DB864700D08625 /* SDWebImageCompat.m */ = {isa = PBXFileReference; fileEncoding = 4; lastKnownFileType = sourcecode.c.objc; path = SDWebImageCompat.m; sourceTree = "<group>"; };
		6E7404C520DB864700D08625 /* SDWebImageDecoder.h */ = {isa = PBXFileReference; fileEncoding = 4; lastKnownFileType = sourcecode.c.h; path = SDWebImageDecoder.h; sourceTree = "<group>"; };
		6E7404C620DB864700D08625 /* SDWebImageDecoder.m */ = {isa = PBXFileReference; fileEncoding = 4; lastKnownFileType = sourcecode.c.objc; path = SDWebImageDecoder.m; sourceTree = "<group>"; };
		6E7404C720DB864700D08625 /* SDWebImageDownloader.h */ = {isa = PBXFileReference; fileEncoding = 4; lastKnownFileType = sourcecode.c.h; path = SDWebImageDownloader.h; sourceTree = "<group>"; };
		6E7404C820DB864700D08625 /* SDWebImageDownloader.m */ = {isa = PBXFileReference; fileEncoding = 4; lastKnownFileType = sourcecode.c.objc; path = SDWebImageDownloader.m; sourceTree = "<group>"; };
		6E7404C920DB864700D08625 /* SDWebImageDownloaderOperation.h */ = {isa = PBXFileReference; fileEncoding = 4; lastKnownFileType = sourcecode.c.h; path = SDWebImageDownloaderOperation.h; sourceTree = "<group>"; };
		6E7404CA20DB864700D08625 /* SDWebImageDownloaderOperation.m */ = {isa = PBXFileReference; fileEncoding = 4; lastKnownFileType = sourcecode.c.objc; path = SDWebImageDownloaderOperation.m; sourceTree = "<group>"; };
		6E7404CB20DB864700D08625 /* SDWebImageManager.h */ = {isa = PBXFileReference; fileEncoding = 4; lastKnownFileType = sourcecode.c.h; path = SDWebImageManager.h; sourceTree = "<group>"; };
		6E7404CC20DB864700D08625 /* SDWebImageManager.m */ = {isa = PBXFileReference; fileEncoding = 4; lastKnownFileType = sourcecode.c.objc; path = SDWebImageManager.m; sourceTree = "<group>"; };
		6E7404CD20DB864700D08625 /* SDWebImageOperation.h */ = {isa = PBXFileReference; fileEncoding = 4; lastKnownFileType = sourcecode.c.h; path = SDWebImageOperation.h; sourceTree = "<group>"; };
		6E7404CE20DB864700D08625 /* SDWebImagePrefetcher.h */ = {isa = PBXFileReference; fileEncoding = 4; lastKnownFileType = sourcecode.c.h; path = SDWebImagePrefetcher.h; sourceTree = "<group>"; };
		6E7404CF20DB864700D08625 /* SDWebImagePrefetcher.m */ = {isa = PBXFileReference; fileEncoding = 4; lastKnownFileType = sourcecode.c.objc; path = SDWebImagePrefetcher.m; sourceTree = "<group>"; };
		6E7404D020DB864700D08625 /* UIButton+WebCache.h */ = {isa = PBXFileReference; fileEncoding = 4; lastKnownFileType = sourcecode.c.h; path = "UIButton+WebCache.h"; sourceTree = "<group>"; };
		6E7404D120DB864700D08625 /* UIButton+WebCache.m */ = {isa = PBXFileReference; fileEncoding = 4; lastKnownFileType = sourcecode.c.objc; path = "UIButton+WebCache.m"; sourceTree = "<group>"; };
		6E7404D220DB864700D08625 /* UIImage+GIF.h */ = {isa = PBXFileReference; fileEncoding = 4; lastKnownFileType = sourcecode.c.h; path = "UIImage+GIF.h"; sourceTree = "<group>"; };
		6E7404D320DB864700D08625 /* UIImage+GIF.m */ = {isa = PBXFileReference; fileEncoding = 4; lastKnownFileType = sourcecode.c.objc; path = "UIImage+GIF.m"; sourceTree = "<group>"; };
		6E7404D420DB864700D08625 /* UIImage+MultiFormat.h */ = {isa = PBXFileReference; fileEncoding = 4; lastKnownFileType = sourcecode.c.h; path = "UIImage+MultiFormat.h"; sourceTree = "<group>"; };
		6E7404D520DB864700D08625 /* UIImage+MultiFormat.m */ = {isa = PBXFileReference; fileEncoding = 4; lastKnownFileType = sourcecode.c.objc; path = "UIImage+MultiFormat.m"; sourceTree = "<group>"; };
		6E7404D620DB864700D08625 /* UIImage+WebP.h */ = {isa = PBXFileReference; fileEncoding = 4; lastKnownFileType = sourcecode.c.h; path = "UIImage+WebP.h"; sourceTree = "<group>"; };
		6E7404D720DB864700D08625 /* UIImage+WebP.m */ = {isa = PBXFileReference; fileEncoding = 4; lastKnownFileType = sourcecode.c.objc; path = "UIImage+WebP.m"; sourceTree = "<group>"; };
		6E7404D820DB864700D08625 /* UIImageView+HighlightedWebCache.h */ = {isa = PBXFileReference; fileEncoding = 4; lastKnownFileType = sourcecode.c.h; path = "UIImageView+HighlightedWebCache.h"; sourceTree = "<group>"; };
		6E7404D920DB864700D08625 /* UIImageView+HighlightedWebCache.m */ = {isa = PBXFileReference; fileEncoding = 4; lastKnownFileType = sourcecode.c.objc; path = "UIImageView+HighlightedWebCache.m"; sourceTree = "<group>"; };
		6E7404DA20DB864700D08625 /* UIImageView+WebCache.h */ = {isa = PBXFileReference; fileEncoding = 4; lastKnownFileType = sourcecode.c.h; path = "UIImageView+WebCache.h"; sourceTree = "<group>"; };
		6E7404DB20DB864700D08625 /* UIImageView+WebCache.m */ = {isa = PBXFileReference; fileEncoding = 4; lastKnownFileType = sourcecode.c.objc; path = "UIImageView+WebCache.m"; sourceTree = "<group>"; };
		6E7404DC20DB864700D08625 /* UIView+WebCacheOperation.h */ = {isa = PBXFileReference; fileEncoding = 4; lastKnownFileType = sourcecode.c.h; path = "UIView+WebCacheOperation.h"; sourceTree = "<group>"; };
		6E7404DD20DB864800D08625 /* UIView+WebCacheOperation.m */ = {isa = PBXFileReference; fileEncoding = 4; lastKnownFileType = sourcecode.c.objc; path = "UIView+WebCacheOperation.m"; sourceTree = "<group>"; };
		6E7404F020DB93A100D08625 /* ShowCell.h */ = {isa = PBXFileReference; lastKnownFileType = sourcecode.c.h; path = ShowCell.h; sourceTree = "<group>"; };
		6E7404F120DB93A100D08625 /* ShowCell.m */ = {isa = PBXFileReference; lastKnownFileType = sourcecode.c.objc; path = ShowCell.m; sourceTree = "<group>"; };
		6E7404F320DB93B300D08625 /* ShowModel.h */ = {isa = PBXFileReference; lastKnownFileType = sourcecode.c.h; path = ShowModel.h; sourceTree = "<group>"; };
		6E7404F420DB93B300D08625 /* ShowModel.m */ = {isa = PBXFileReference; lastKnownFileType = sourcecode.c.objc; path = ShowModel.m; sourceTree = "<group>"; };
		6EC4A6B220E08AFA004C9897 /* XQShowPopupView.h */ = {isa = PBXFileReference; lastKnownFileType = sourcecode.c.h; path = XQShowPopupView.h; sourceTree = "<group>"; };
		6EC4A6B320E08AFA004C9897 /* XQShowPopupView.m */ = {isa = PBXFileReference; lastKnownFileType = sourcecode.c.objc; path = XQShowPopupView.m; sourceTree = "<group>"; };
		6EDA240320DC978B00BF8EA3 /* XQShowHandle.h */ = {isa = PBXFileReference; lastKnownFileType = sourcecode.c.h; path = XQShowHandle.h; sourceTree = "<group>"; };
		6EDA240420DC978B00BF8EA3 /* XQShowHandle.m */ = {isa = PBXFileReference; lastKnownFileType = sourcecode.c.objc; path = XQShowHandle.m; sourceTree = "<group>"; };
/* End PBXFileReference section */

/* Begin PBXFrameworksBuildPhase section */
		6E74047820DB84BA00D08625 /* Frameworks */ = {
			isa = PBXFrameworksBuildPhase;
			buildActionMask = 2147483647;
			files = (
			);
			runOnlyForDeploymentPostprocessing = 0;
		};
/* End PBXFrameworksBuildPhase section */

/* Begin PBXGroup section */
		6E74047220DB84BA00D08625 = {
			isa = PBXGroup;
			children = (
				6E74047D20DB84BA00D08625 /* XQShowPhotosToolDemo */,
				6E74047C20DB84BA00D08625 /* Products */,
			);
			sourceTree = "<group>";
		};
		6E74047C20DB84BA00D08625 /* Products */ = {
			isa = PBXGroup;
			children = (
				6E74047B20DB84BA00D08625 /* XQShowPhotosToolDemo.app */,
			);
			name = Products;
			sourceTree = "<group>";
		};
		6E74047D20DB84BA00D08625 /* XQShowPhotosToolDemo */ = {
			isa = PBXGroup;
			children = (
				6E7404EF20DB91D300D08625 /* Cells */,
				6E7404EE20DB91D300D08625 /* Models */,
				6E74049E20DB852F00D08625 /* Toos */,
				6E74049520DB852E00D08625 /* XQShowPhotosTool */,
				6E74047E20DB84BA00D08625 /* AppDelegate.h */,
				6E74047F20DB84BA00D08625 /* AppDelegate.m */,
				6E74048120DB84BA00D08625 /* ViewController.h */,
				6E74048220DB84BA00D08625 /* ViewController.m */,
				6E74048420DB84BA00D08625 /* Main.storyboard */,
				6E74048720DB84BB00D08625 /* Assets.xcassets */,
				6E74048920DB84BB00D08625 /* LaunchScreen.storyboard */,
				6E74048C20DB84BB00D08625 /* Info.plist */,
				6E74048D20DB84BB00D08625 /* main.m */,
				6E74049420DB84CD00D08625 /* PrefixHeader.pch */,
			);
			path = XQShowPhotosToolDemo;
			sourceTree = "<group>";
		};
		6E74049520DB852E00D08625 /* XQShowPhotosTool */ = {
			isa = PBXGroup;
			children = (
				6E74049620DB852E00D08625 /* XQShowBackView.h */,
				6E74049720DB852E00D08625 /* XQShowBackView.m */,
				6E74049820DB852E00D08625 /* XQShowImageView.h */,
				6E74049920DB852E00D08625 /* XQShowImageView.m */,
				6E74049A20DB852E00D08625 /* XQShowPhotosView.h */,
				6E74049B20DB852E00D08625 /* XQShowPhotosView.m */,
				6E74049C20DB852E00D08625 /* XQShowScrollView.h */,
				6E74049D20DB852E00D08625 /* XQShowScrollView.m */,
				6EDA240320DC978B00BF8EA3 /* XQShowHandle.h */,
				6EDA240420DC978B00BF8EA3 /* XQShowHandle.m */,
				6EC4A6B220E08AFA004C9897 /* XQShowPopupView.h */,
				6EC4A6B320E08AFA004C9897 /* XQShowPopupView.m */,
			);
			path = XQShowPhotosTool;
			sourceTree = "<group>";
		};
		6E74049E20DB852F00D08625 /* Toos */ = {
			isa = PBXGroup;
			children = (
				6E7404BC20DB864700D08625 /* SDWebImage */,
				6E7404B220DB85BD00D08625 /* Consts */,
				6E74049F20DB852F00D08625 /* Categories */,
				6E7404A220DB852F00D08625 /* Defines */,
				6E7404A620DB852F00D08625 /* ProgressHUD */,
			);
			path = Toos;
			sourceTree = "<group>";
		};
		6E74049F20DB852F00D08625 /* Categories */ = {
			isa = PBXGroup;
			children = (
				6E7404A020DB852F00D08625 /* UIView+Extension.h */,
				6E7404A120DB852F00D08625 /* UIView+Extension.m */,
			);
			path = Categories;
			sourceTree = "<group>";
		};
		6E7404A220DB852F00D08625 /* Defines */ = {
			isa = PBXGroup;
			children = (
				6E7404A320DB852F00D08625 /* XQ_define.h */,
			);
			path = Defines;
			sourceTree = "<group>";
		};
		6E7404A620DB852F00D08625 /* ProgressHUD */ = {
			isa = PBXGroup;
			children = (
				6E7404A720DB852F00D08625 /* ProgressHUD.bundle */,
				6E7404A820DB852F00D08625 /* ProgressHUD.h */,
				6E7404A920DB852F00D08625 /* ProgressHUD.m */,
			);
			path = ProgressHUD;
			sourceTree = "<group>";
		};
		6E7404B220DB85BD00D08625 /* Consts */ = {
			isa = PBXGroup;
			children = (
				6E7404B720DB85BD00D08625 /* XQConst.h */,
				6E7404B820DB85BD00D08625 /* XQConst.m */,
			);
			path = Consts;
			sourceTree = "<group>";
		};
		6E7404BC20DB864700D08625 /* SDWebImage */ = {
			isa = PBXGroup;
			children = (
				6E7404BD20DB864700D08625 /* MKAnnotationView+WebCache.h */,
				6E7404BE20DB864700D08625 /* MKAnnotationView+WebCache.m */,
				6E7404BF20DB864700D08625 /* NSData+ImageContentType.h */,
				6E7404C020DB864700D08625 /* NSData+ImageContentType.m */,
				6E7404C120DB864700D08625 /* SDImageCache.h */,
				6E7404C220DB864700D08625 /* SDImageCache.m */,
				6E7404C320DB864700D08625 /* SDWebImageCompat.h */,
				6E7404C420DB864700D08625 /* SDWebImageCompat.m */,
				6E7404C520DB864700D08625 /* SDWebImageDecoder.h */,
				6E7404C620DB864700D08625 /* SDWebImageDecoder.m */,
				6E7404C720DB864700D08625 /* SDWebImageDownloader.h */,
				6E7404C820DB864700D08625 /* SDWebImageDownloader.m */,
				6E7404C920DB864700D08625 /* SDWebImageDownloaderOperation.h */,
				6E7404CA20DB864700D08625 /* SDWebImageDownloaderOperation.m */,
				6E7404CB20DB864700D08625 /* SDWebImageManager.h */,
				6E7404CC20DB864700D08625 /* SDWebImageManager.m */,
				6E7404CD20DB864700D08625 /* SDWebImageOperation.h */,
				6E7404CE20DB864700D08625 /* SDWebImagePrefetcher.h */,
				6E7404CF20DB864700D08625 /* SDWebImagePrefetcher.m */,
				6E7404D020DB864700D08625 /* UIButton+WebCache.h */,
				6E7404D120DB864700D08625 /* UIButton+WebCache.m */,
				6E7404D220DB864700D08625 /* UIImage+GIF.h */,
				6E7404D320DB864700D08625 /* UIImage+GIF.m */,
				6E7404D420DB864700D08625 /* UIImage+MultiFormat.h */,
				6E7404D520DB864700D08625 /* UIImage+MultiFormat.m */,
				6E7404D620DB864700D08625 /* UIImage+WebP.h */,
				6E7404D720DB864700D08625 /* UIImage+WebP.m */,
				6E7404D820DB864700D08625 /* UIImageView+HighlightedWebCache.h */,
				6E7404D920DB864700D08625 /* UIImageView+HighlightedWebCache.m */,
				6E7404DA20DB864700D08625 /* UIImageView+WebCache.h */,
				6E7404DB20DB864700D08625 /* UIImageView+WebCache.m */,
				6E7404DC20DB864700D08625 /* UIView+WebCacheOperation.h */,
				6E7404DD20DB864800D08625 /* UIView+WebCacheOperation.m */,
			);
			path = SDWebImage;
			sourceTree = "<group>";
		};
		6E7404EE20DB91D300D08625 /* Models */ = {
			isa = PBXGroup;
			children = (
				6E7404F320DB93B300D08625 /* ShowModel.h */,
				6E7404F420DB93B300D08625 /* ShowModel.m */,
			);
			path = Models;
			sourceTree = "<group>";
		};
		6E7404EF20DB91D300D08625 /* Cells */ = {
			isa = PBXGroup;
			children = (
				6E7404F020DB93A100D08625 /* ShowCell.h */,
				6E7404F120DB93A100D08625 /* ShowCell.m */,
			);
			path = Cells;
			sourceTree = "<group>";
		};
/* End PBXGroup section */

/* Begin PBXNativeTarget section */
		6E74047A20DB84BA00D08625 /* XQShowPhotosToolDemo */ = {
			isa = PBXNativeTarget;
			buildConfigurationList = 6E74049120DB84BB00D08625 /* Build configuration list for PBXNativeTarget "XQShowPhotosToolDemo" */;
			buildPhases = (
				6E74047720DB84BA00D08625 /* Sources */,
				6E74047820DB84BA00D08625 /* Frameworks */,
				6E74047920DB84BA00D08625 /* Resources */,
			);
			buildRules = (
			);
			dependencies = (
			);
			name = XQShowPhotosToolDemo;
			productName = XQShowPhotosToolDemo;
			productReference = 6E74047B20DB84BA00D08625 /* XQShowPhotosToolDemo.app */;
			productType = "com.apple.product-type.application";
		};
/* End PBXNativeTarget section */

/* Begin PBXProject section */
		6E74047320DB84BA00D08625 /* Project object */ = {
			isa = PBXProject;
			attributes = {
				LastUpgradeCheck = 0930;
				ORGANIZATIONNAME = "小强";
				TargetAttributes = {
					6E74047A20DB84BA00D08625 = {
						CreatedOnToolsVersion = 9.3;
					};
				};
			};
			buildConfigurationList = 6E74047620DB84BA00D08625 /* Build configuration list for PBXProject "XQShowPhotosToolDemo" */;
			compatibilityVersion = "Xcode 9.3";
			developmentRegion = en;
			hasScannedForEncodings = 0;
			knownRegions = (
				en,
				Base,
			);
			mainGroup = 6E74047220DB84BA00D08625;
			productRefGroup = 6E74047C20DB84BA00D08625 /* Products */;
			projectDirPath = "";
			projectRoot = "";
			targets = (
				6E74047A20DB84BA00D08625 /* XQShowPhotosToolDemo */,
			);
		};
/* End PBXProject section */

/* Begin PBXResourcesBuildPhase section */
		6E74047920DB84BA00D08625 /* Resources */ = {
			isa = PBXResourcesBuildPhase;
			buildActionMask = 2147483647;
			files = (
				6E7404B020DB852F00D08625 /* ProgressHUD.bundle in Resources */,
				6E74048B20DB84BB00D08625 /* LaunchScreen.storyboard in Resources */,
				6E74048820DB84BB00D08625 /* Assets.xcassets in Resources */,
				6E74048620DB84BA00D08625 /* Main.storyboard in Resources */,
			);
			runOnlyForDeploymentPostprocessing = 0;
		};
/* End PBXResourcesBuildPhase section */

/* Begin PBXSourcesBuildPhase section */
		6E74047720DB84BA00D08625 /* Sources */ = {
			isa = PBXSourcesBuildPhase;
			buildActionMask = 2147483647;
			files = (
				6E7404E820DB864800D08625 /* UIImage+GIF.m in Sources */,
				6E74048320DB84BA00D08625 /* ViewController.m in Sources */,
				6E7404E620DB864800D08625 /* SDWebImagePrefetcher.m in Sources */,
				6E7404AD20DB852F00D08625 /* XQShowScrollView.m in Sources */,
				6E7404BB20DB85BE00D08625 /* XQConst.m in Sources */,
				6E7404DF20DB864800D08625 /* NSData+ImageContentType.m in Sources */,
				6E7404B120DB852F00D08625 /* ProgressHUD.m in Sources */,
				6E7404AC20DB852F00D08625 /* XQShowPhotosView.m in Sources */,
				6E7404E720DB864800D08625 /* UIButton+WebCache.m in Sources */,
				6E7404E420DB864800D08625 /* SDWebImageDownloaderOperation.m in Sources */,
				6E7404F520DB93B300D08625 /* ShowModel.m in Sources */,
				6E7404F220DB93A100D08625 /* ShowCell.m in Sources */,
				6E7404DE20DB864800D08625 /* MKAnnotationView+WebCache.m in Sources */,
				6E7404E120DB864800D08625 /* SDWebImageCompat.m in Sources */,
				6E7404AA20DB852F00D08625 /* XQShowBackView.m in Sources */,
				6E7404E920DB864800D08625 /* UIImage+MultiFormat.m in Sources */,
				6E7404EC20DB864800D08625 /* UIImageView+WebCache.m in Sources */,
				6E7404ED20DB864800D08625 /* UIView+WebCacheOperation.m in Sources */,
				6EC4A6B420E08AFA004C9897 /* XQShowPopupView.m in Sources */,
				6E7404AB20DB852F00D08625 /* XQShowImageView.m in Sources */,
				6E74048E20DB84BB00D08625 /* main.m in Sources */,
				6E7404E320DB864800D08625 /* SDWebImageDownloader.m in Sources */,
				6E7404EB20DB864800D08625 /* UIImageView+HighlightedWebCache.m in Sources */,
				6E7404E220DB864800D08625 /* SDWebImageDecoder.m in Sources */,
				6E7404EA20DB864800D08625 /* UIImage+WebP.m in Sources */,
				6E7404E520DB864800D08625 /* SDWebImageManager.m in Sources */,
				6E7404AE20DB852F00D08625 /* UIView+Extension.m in Sources */,
				6EDA240520DC978B00BF8EA3 /* XQShowHandle.m in Sources */,
				6E74048020DB84BA00D08625 /* AppDelegate.m in Sources */,
				6E7404E020DB864800D08625 /* SDImageCache.m in Sources */,
			);
			runOnlyForDeploymentPostprocessing = 0;
		};
/* End PBXSourcesBuildPhase section */

/* Begin PBXVariantGroup section */
		6E74048420DB84BA00D08625 /* Main.storyboard */ = {
			isa = PBXVariantGroup;
			children = (
				6E74048520DB84BA00D08625 /* Base */,
			);
			name = Main.storyboard;
			sourceTree = "<group>";
		};
		6E74048920DB84BB00D08625 /* LaunchScreen.storyboard */ = {
			isa = PBXVariantGroup;
			children = (
				6E74048A20DB84BB00D08625 /* Base */,
			);
			name = LaunchScreen.storyboard;
			sourceTree = "<group>";
		};
/* End PBXVariantGroup section */

/* Begin XCBuildConfiguration section */
		6E74048F20DB84BB00D08625 /* Debug */ = {
			isa = XCBuildConfiguration;
			buildSettings = {
				ALWAYS_SEARCH_USER_PATHS = NO;
				CLANG_ANALYZER_NONNULL = YES;
				CLANG_ANALYZER_NUMBER_OBJECT_CONVERSION = YES_AGGRESSIVE;
				CLANG_CXX_LANGUAGE_STANDARD = "gnu++14";
				CLANG_CXX_LIBRARY = "libc++";
				CLANG_ENABLE_MODULES = YES;
				CLANG_ENABLE_OBJC_ARC = YES;
				CLANG_ENABLE_OBJC_WEAK = YES;
				CLANG_WARN_BLOCK_CAPTURE_AUTORELEASING = YES;
				CLANG_WARN_BOOL_CONVERSION = YES;
				CLANG_WARN_COMMA = YES;
				CLANG_WARN_CONSTANT_CONVERSION = YES;
				CLANG_WARN_DEPRECATED_OBJC_IMPLEMENTATIONS = YES;
				CLANG_WARN_DIRECT_OBJC_ISA_USAGE = YES_ERROR;
				CLANG_WARN_DOCUMENTATION_COMMENTS = YES;
				CLANG_WARN_EMPTY_BODY = YES;
				CLANG_WARN_ENUM_CONVERSION = YES;
				CLANG_WARN_INFINITE_RECURSION = YES;
				CLANG_WARN_INT_CONVERSION = YES;
				CLANG_WARN_NON_LITERAL_NULL_CONVERSION = YES;
				CLANG_WARN_OBJC_IMPLICIT_RETAIN_SELF = YES;
				CLANG_WARN_OBJC_LITERAL_CONVERSION = YES;
				CLANG_WARN_OBJC_ROOT_CLASS = YES_ERROR;
				CLANG_WARN_RANGE_LOOP_ANALYSIS = YES;
				CLANG_WARN_STRICT_PROTOTYPES = YES;
				CLANG_WARN_SUSPICIOUS_MOVE = YES;
				CLANG_WARN_UNGUARDED_AVAILABILITY = YES_AGGRESSIVE;
				CLANG_WARN_UNREACHABLE_CODE = YES;
				CLANG_WARN__DUPLICATE_METHOD_MATCH = YES;
				CODE_SIGN_IDENTITY = "iPhone Developer";
				COPY_PHASE_STRIP = NO;
				DEBUG_INFORMATION_FORMAT = dwarf;
				ENABLE_STRICT_OBJC_MSGSEND = YES;
				ENABLE_TESTABILITY = YES;
				GCC_C_LANGUAGE_STANDARD = gnu11;
				GCC_DYNAMIC_NO_PIC = NO;
				GCC_NO_COMMON_BLOCKS = YES;
				GCC_OPTIMIZATION_LEVEL = 0;
				GCC_PREPROCESSOR_DEFINITIONS = (
					"DEBUG=1",
					"$(inherited)",
				);
				GCC_WARN_64_TO_32_BIT_CONVERSION = YES;
				GCC_WARN_ABOUT_RETURN_TYPE = YES_ERROR;
				GCC_WARN_UNDECLARED_SELECTOR = YES;
				GCC_WARN_UNINITIALIZED_AUTOS = YES_AGGRESSIVE;
				GCC_WARN_UNUSED_FUNCTION = YES;
				GCC_WARN_UNUSED_VARIABLE = YES;
				IPHONEOS_DEPLOYMENT_TARGET = 11.3;
				MTL_ENABLE_DEBUG_INFO = YES;
				ONLY_ACTIVE_ARCH = YES;
				SDKROOT = iphoneos;
			};
			name = Debug;
		};
		6E74049020DB84BB00D08625 /* Release */ = {
			isa = XCBuildConfiguration;
			buildSettings = {
				ALWAYS_SEARCH_USER_PATHS = NO;
				CLANG_ANALYZER_NONNULL = YES;
				CLANG_ANALYZER_NUMBER_OBJECT_CONVERSION = YES_AGGRESSIVE;
				CLANG_CXX_LANGUAGE_STANDARD = "gnu++14";
				CLANG_CXX_LIBRARY = "libc++";
				CLANG_ENABLE_MODULES = YES;
				CLANG_ENABLE_OBJC_ARC = YES;
				CLANG_ENABLE_OBJC_WEAK = YES;
				CLANG_WARN_BLOCK_CAPTURE_AUTORELEASING = YES;
				CLANG_WARN_BOOL_CONVERSION = YES;
				CLANG_WARN_COMMA = YES;
				CLANG_WARN_CONSTANT_CONVERSION = YES;
				CLANG_WARN_DEPRECATED_OBJC_IMPLEMENTATIONS = YES;
				CLANG_WARN_DIRECT_OBJC_ISA_USAGE = YES_ERROR;
				CLANG_WARN_DOCUMENTATION_COMMENTS = YES;
				CLANG_WARN_EMPTY_BODY = YES;
				CLANG_WARN_ENUM_CONVERSION = YES;
				CLANG_WARN_INFINITE_RECURSION = YES;
				CLANG_WARN_INT_CONVERSION = YES;
				CLANG_WARN_NON_LITERAL_NULL_CONVERSION = YES;
				CLANG_WARN_OBJC_IMPLICIT_RETAIN_SELF = YES;
				CLANG_WARN_OBJC_LITERAL_CONVERSION = YES;
				CLANG_WARN_OBJC_ROOT_CLASS = YES_ERROR;
				CLANG_WARN_RANGE_LOOP_ANALYSIS = YES;
				CLANG_WARN_STRICT_PROTOTYPES = YES;
				CLANG_WARN_SUSPICIOUS_MOVE = YES;
				CLANG_WARN_UNGUARDED_AVAILABILITY = YES_AGGRESSIVE;
				CLANG_WARN_UNREACHABLE_CODE = YES;
				CLANG_WARN__DUPLICATE_METHOD_MATCH = YES;
				CODE_SIGN_IDENTITY = "iPhone Developer";
				COPY_PHASE_STRIP = NO;
				DEBUG_INFORMATION_FORMAT = "dwarf-with-dsym";
				ENABLE_NS_ASSERTIONS = NO;
				ENABLE_STRICT_OBJC_MSGSEND = YES;
				GCC_C_LANGUAGE_STANDARD = gnu11;
				GCC_NO_COMMON_BLOCKS = YES;
				GCC_WARN_64_TO_32_BIT_CONVERSION = YES;
				GCC_WARN_ABOUT_RETURN_TYPE = YES_ERROR;
				GCC_WARN_UNDECLARED_SELECTOR = YES;
				GCC_WARN_UNINITIALIZED_AUTOS = YES_AGGRESSIVE;
				GCC_WARN_UNUSED_FUNCTION = YES;
				GCC_WARN_UNUSED_VARIABLE = YES;
				IPHONEOS_DEPLOYMENT_TARGET = 11.3;
				MTL_ENABLE_DEBUG_INFO = NO;
				SDKROOT = iphoneos;
				VALIDATE_PRODUCT = YES;
			};
			name = Release;
		};
		6E74049220DB84BB00D08625 /* Debug */ = {
			isa = XCBuildConfiguration;
			buildSettings = {
				ASSETCATALOG_COMPILER_APPICON_NAME = AppIcon;
				CODE_SIGN_STYLE = Automatic;
				DEVELOPMENT_TEAM = NAFW2QL2VC;
				GCC_PREFIX_HEADER = XQShowPhotosToolDemo/PrefixHeader.pch;
				INFOPLIST_FILE = XQShowPhotosToolDemo/Info.plist;
				LD_RUNPATH_SEARCH_PATHS = (
					"$(inherited)",
					"@executable_path/Frameworks",
				);
				PRODUCT_BUNDLE_IDENTIFIER = com.zxhdyl.XQShowPhotosToolDemo;
				PRODUCT_NAME = "$(TARGET_NAME)";
				TARGETED_DEVICE_FAMILY = "1,2";
			};
			name = Debug;
		};
		6E74049320DB84BB00D08625 /* Release */ = {
			isa = XCBuildConfiguration;
			buildSettings = {
				ASSETCATALOG_COMPILER_APPICON_NAME = AppIcon;
				CODE_SIGN_STYLE = Automatic;
				DEVELOPMENT_TEAM = NAFW2QL2VC;
				GCC_PREFIX_HEADER = XQShowPhotosToolDemo/PrefixHeader.pch;
				INFOPLIST_FILE = XQShowPhotosToolDemo/Info.plist;
				LD_RUNPATH_SEARCH_PATHS = (
					"$(inherited)",
					"@executable_path/Frameworks",
				);
				PRODUCT_BUNDLE_IDENTIFIER = com.zxhdyl.XQShowPhotosToolDemo;
				PRODUCT_NAME = "$(TARGET_NAME)";
				TARGETED_DEVICE_FAMILY = "1,2";
			};
			name = Release;
		};
/* End XCBuildConfiguration section */

/* Begin XCConfigurationList section */
		6E74047620DB84BA00D08625 /* Build configuration list for PBXProject "XQShowPhotosToolDemo" */ = {
			isa = XCConfigurationList;
			buildConfigurations = (
				6E74048F20DB84BB00D08625 /* Debug */,
				6E74049020DB84BB00D08625 /* Release */,
			);
			defaultConfigurationIsVisible = 0;
			defaultConfigurationName = Release;
		};
		6E74049120DB84BB00D08625 /* Build configuration list for PBXNativeTarget "XQShowPhotosToolDemo" */ = {
			isa = XCConfigurationList;
			buildConfigurations = (
				6E74049220DB84BB00D08625 /* Debug */,
				6E74049320DB84BB00D08625 /* Release */,
			);
			defaultConfigurationIsVisible = 0;
			defaultConfigurationName = Release;
		};
/* End XCConfigurationList section */
	};
	rootObject = 6E74047320DB84BA00D08625 /* Project object */;
}
